
Microsoft Visual Studio Solution File, Format Version 12.00
# Visual Studio Version 17
VisualStudioVersion = 17.9.34607.119
MinimumVisualStudioVersion = 10.0.40219.1
Project("{FAE04EC0-301F-11D3-BF4B-00C04F79EFBC}") = "APICORE", "APICORE\APICORE.csproj", "{21D23157-5A26-43BB-BBF1-EDD0EAECCD88}"
EndProject
Global
	GlobalSection(SolutionConfigurationPlatforms) = preSolution
		Debug|Any CPU = Debug|Any CPU
		Release|Any CPU = Release|Any CPU
	EndGlobalSection
	GlobalSection(ProjectConfigurationPlatforms) = postSolution
		{21D23157-5A26-43BB-BBF1-EDD0EAECCD88}.Debug|Any CPU.ActiveCfg = Debug|Any CPU
		{21D23157-5A26-43BB-BBF1-EDD0EAECCD88}.Debug|Any CPU.Build.0 = Debug|Any CPU
		{21D23157-5A26-43BB-BBF1-EDD0EAECCD88}.Release|Any CPU.ActiveCfg = Release|Any CPU
		{21D23157-5A26-43BB-BBF1-EDD0EAECCD88}.Release|Any CPU.Build.0 = Release|Any CPU
	EndGlobalSection
	GlobalSection(SolutionProperties) = preSolution
		HideSolutionNode = FALSE
	EndGlobalSection
	GlobalSection(ExtensibilityGlobals) = postSolution
		SolutionGuid = {638803AE-5A1F-4CB5-B1BA-2361AB6EBA39}
	EndGlobalSection
EndGlobal
